
Microsoft Visual Studio Solution File, Format Version 12.00
Project("{FAE04EC0-301F-11D3-BF4B-00C04F79EFBC}") = "LogicalExpressionParser", "LogicalExpressionParser\LogicalExpressionParser.csproj", "{0AB8ECFA-F1DF-4100-8603-1EA4915DAAA6}"
EndProject
Project("{FAE04EC0-301F-11D3-BF4B-00C04F79EFBC}") = "LogicalExpressionParser.Tests", "LogicalExpressionParser.Tests\LogicalExpressionParser.Tests.csproj", "{1A32D199-AE64-44F2-86CE-54DE1113F6D8}"
EndProject
Global
	GlobalSection(SolutionConfigurationPlatforms) = preSolution
		Debug|Any CPU = Debug|Any CPU
		Release|Any CPU = Release|Any CPU
	EndGlobalSection
	GlobalSection(ProjectConfigurationPlatforms) = postSolution
		{0AB8ECFA-F1DF-4100-8603-1EA4915DAAA6}.Debug|Any CPU.ActiveCfg = Debug|Any CPU
		{0AB8ECFA-F1DF-4100-8603-1EA4915DAAA6}.Debug|Any CPU.Build.0 = Debug|Any CPU
		{0AB8ECFA-F1DF-4100-8603-1EA4915DAAA6}.Release|Any CPU.ActiveCfg = Release|Any CPU
		{0AB8ECFA-F1DF-4100-8603-1EA4915DAAA6}.Release|Any CPU.Build.0 = Release|Any CPU
		{1A32D199-AE64-44F2-86CE-54DE1113F6D8}.Debug|Any CPU.ActiveCfg = Debug|Any CPU
		{1A32D199-AE64-44F2-86CE-54DE1113F6D8}.Debug|Any CPU.Build.0 = Debug|Any CPU
		{1A32D199-AE64-44F2-86CE-54DE1113F6D8}.Release|Any CPU.ActiveCfg = Release|Any CPU
		{1A32D199-AE64-44F2-86CE-54DE1113F6D8}.Release|Any CPU.Build.0 = Release|Any CPU
	EndGlobalSection
EndGlobal
